
Microsoft Visual Studio Solution File, Format Version 12.00
# Visual Studio Version 16
VisualStudioVersion = 16.0.31729.503
MinimumVisualStudioVersion = 10.0.40219.1
Project("{FAE04EC0-301F-11D3-BF4B-00C04F79EFBC}") = "REST Practice", "REST Practice\REST Practice.csproj", "{041906B7-D31F-4F9C-8D98-32CDA758313E}"
EndProject
Global
	GlobalSection(SolutionConfigurationPlatforms) = preSolution
		Debug|Any CPU = Debug|Any CPU
		Release|Any CPU = Release|Any CPU
	EndGlobalSection
	GlobalSection(ProjectConfigurationPlatforms) = postSolution
		{041906B7-D31F-4F9C-8D98-32CDA758313E}.Debug|Any CPU.ActiveCfg = Debug|Any CPU
		{041906B7-D31F-4F9C-8D98-32CDA758313E}.Debug|Any CPU.Build.0 = Debug|Any CPU
		{041906B7-D31F-4F9C-8D98-32CDA758313E}.Release|Any CPU.ActiveCfg = Release|Any CPU
		{041906B7-D31F-4F9C-8D98-32CDA758313E}.Release|Any CPU.Build.0 = Release|Any CPU
	EndGlobalSection
	GlobalSection(SolutionProperties) = preSolution
		HideSolutionNode = FALSE
	EndGlobalSection
	GlobalSection(ExtensibilityGlobals) = postSolution
		SolutionGuid = {2C2736BC-CFF9-445E-9280-AB25C0DA5183}
	EndGlobalSection
EndGlobal
